{
  "nodes": {
    "axctl": {
      "inputs": {
        "nixpkgs": [
          "nixpkgs"
        ]
      },
      "locked": {
        "lastModified": 1773630981,
        "narHash": "sha256-vm6yCYO0FyKqgSwzy47wZoBWC/+7zJpoBViUKVfrbFc=",
        "owner": "Axenide",
        "repo": "axctl",
        "rev": "351ba0dd476d187ebc09ce585d8f42cda2de60f6",
        "type": "github"
      },
      "original": {
        "owner": "Axenide",
        "repo": "axctl",
        "type": "github"
      }
    },
    "nixpkgs": {
      "locked": {
        "lastModified": 1773389992,
        "narHash": "sha256-wvfdLLWJ2I9oEpDd9PfMA8osfIZicoQ5MT1jIwNs9Tk=",
        "owner": "NixOS",
        "repo": "nixpkgs",
        "rev": "c06b4ae3d6599a672a6210b7021d699c351eebda",
        "type": "github"
      },
      "original": {
        "id": "nixpkgs",
        "ref": "nixos-unstable",
        "type": "indirect"
      }
    },
    "quickshell": {
      "inputs": {
        "nixpkgs": [
          "nixpkgs"
        ]
      },
      "locked": {
        "lastModified": 1773480707,
        "narHash": "sha256-VkuO1LWpK7tS/YDmxJSDeONEwt1RFLPfOucQJwKnsV0=",
        "ref": "refs/heads/master",
        "rev": "1b2519d9f3d963e575b8a1ef08fab47c7af0d1b3",
        "revCount": 759,
        "type": "git",
        "url": "https://git.outfoxxed.me/outfoxxed/quickshell"
      },
      "original": {
        "type": "git",
        "url": "https://git.outfoxxed.me/outfoxxed/quickshell"
      }
    },
    "root": {
      "inputs": {
        "axctl": "axctl",
        "nixpkgs": "nixpkgs",
        "quickshell": "quickshell"
      }
    }
  },
  "root": "root",
  "version": 7
}
